// !$*UTF8*$!
{
	archiveVersion = 1;
	classes = {
	};
	objectVersion = 46;
	objects = {

/* Begin PBXBuildFile section */
		2DBE88C91A2C98EC0054A146 /* St.-Pauls-Cathedral.jpg in Resources */ = {isa = PBXBuildFile; fileRef = 2DBE88C81A2C98EC0054A146 /* St.-Pauls-Cathedral.jpg */; };
		2DBE88CB1A2C9C650054A146 /* einstein1.jpg in Resources */ = {isa = PBXBuildFile; fileRef = 2DBE88CA1A2C9C650054A146 /* einstein1.jpg */; };
		2DE444E11A2AB6A70027DD12 /* AppDelegate.swift in Sources */ = {isa = PBXBuildFile; fileRef = 2DE444E01A2AB6A70027DD12 /* AppDelegate.swift */; };
		2DE444E31A2AB6A70027DD12 /* ViewController.swift in Sources */ = {isa = PBXBuildFile; fileRef = 2DE444E21A2AB6A70027DD12 /* ViewController.swift */; };
		2DE444E61A2AB6A70027DD12 /* Main.storyboard in Resources */ = {isa = PBXBuildFile; fileRef = 2DE444E41A2AB6A70027DD12 /* Main.storyboard */; };
		2DE444E81A2AB6A70027DD12 /* Images.xcassets in Resources */ = {isa = PBXBuildFile; fileRef = 2DE444E71A2AB6A70027DD12 /* Images.xcassets */; };
		2DE444EB1A2AB6A70027DD12 /* LaunchScreen.xib in Resources */ = {isa = PBXBuildFile; fileRef = 2DE444E91A2AB6A70027DD12 /* LaunchScreen.xib */; };
		2DE444F71A2AB6A70027DD12 /* lrn1Tests.swift in Sources */ = {isa = PBXBuildFile; fileRef = 2DE444F61A2AB6A70027DD12 /* lrn1Tests.swift */; };
/* End PBXBuildFile section */

/* Begin PBXContainerItemProxy section */
		2DE444F11A2AB6A70027DD12 /* PBXContainerItemProxy */ = {
			isa = PBXContainerItemProxy;
			containerPortal = 2DE444D31A2AB6A70027DD12 /* Project object */;
			proxyType = 1;
			remoteGlobalIDString = 2DE444DA1A2AB6A70027DD12;
			remoteInfo = lrn1;
		};
/* End PBXContainerItemProxy section */

/* Begin PBXFileReference section */
		2DBE88C81A2C98EC0054A146 /* St.-Pauls-Cathedral.jpg */ = {isa = PBXFileReference; lastKnownFileType = image.jpeg; path = "St.-Pauls-Cathedral.jpg"; sourceTree = "<group>"; };
		2DBE88CA1A2C9C650054A146 /* einstein1.jpg */ = {isa = PBXFileReference; lastKnownFileType = image.jpeg; path = einstein1.jpg; sourceTree = "<group>"; };
		2DE444DB1A2AB6A70027DD12 /* lrn1.app */ = {isa = PBXFileReference; explicitFileType = wrapper.application; includeInIndex = 0; path = lrn1.app; sourceTree = BUILT_PRODUCTS_DIR; };
		2DE444DF1A2AB6A70027DD12 /* Info.plist */ = {isa = PBXFileReference; lastKnownFileType = text.plist.xml; path = Info.plist; sourceTree = "<group>"; };
		2DE444E01A2AB6A70027DD12 /* AppDelegate.swift */ = {isa = PBXFileReference; lastKnownFileType = sourcecode.swift; path = AppDelegate.swift; sourceTree = "<group>"; };
		2DE444E21A2AB6A70027DD12 /* ViewController.swift */ = {isa = PBXFileReference; lastKnownFileType = sourcecode.swift; path = ViewController.swift; sourceTree = "<group>"; };
		2DE444E51A2AB6A70027DD12 /* Base */ = {isa = PBXFileReference; lastKnownFileType = file.storyboard; name = Base; path = Base.lproj/Main.storyboard; sourceTree = "<group>"; };
		2DE444E71A2AB6A70027DD12 /* Images.xcassets */ = {isa = PBXFileReference; lastKnownFileType = folder.assetcatalog; path = Images.xcassets; sourceTree = "<group>"; };
		2DE444EA1A2AB6A70027DD12 /* Base */ = {isa = PBXFileReference; lastKnownFileType = file.xib; name = Base; path = Base.lproj/LaunchScreen.xib; sourceTree = "<group>"; };
		2DE444F01A2AB6A70027DD12 /* lrn1Tests.xctest */ = {isa = PBXFileReference; explicitFileType = wrapper.cfbundle; includeInIndex = 0; path = lrn1Tests.xctest; sourceTree = BUILT_PRODUCTS_DIR; };
		2DE444F51A2AB6A70027DD12 /* Info.plist */ = {isa = PBXFileReference; lastKnownFileType = text.plist.xml; path = Info.plist; sourceTree = "<group>"; };
		2DE444F61A2AB6A70027DD12 /* lrn1Tests.swift */ = {isa = PBXFileReference; lastKnownFileType = sourcecode.swift; path = lrn1Tests.swift; sourceTree = "<group>"; };
/* End PBXFileReference section */

/* Begin PBXFrameworksBuildPhase section */
		2DE444D81A2AB6A70027DD12 /* Frameworks */ = {
			isa = PBXFrameworksBuildPhase;
			buildActionMask = 2147483647;
			files = (
			);
			runOnlyForDeploymentPostprocessing = 0;
		};
		2DE444ED1A2AB6A70027DD12 /* Frameworks */ = {
			isa = PBXFrameworksBuildPhase;
			buildActionMask = 2147483647;
			files = (
			);
			runOnlyForDeploymentPostprocessing = 0;
		};
/* End PBXFrameworksBuildPhase section */

/* Begin PBXGroup section */
		2DE444D21A2AB6A70027DD12 = {
			isa = PBXGroup;
			children = (
				2DE444DD1A2AB6A70027DD12 /* lrn1 */,
				2DE444F31A2AB6A70027DD12 /* lrn1Tests */,
				2DE444DC1A2AB6A70027DD12 /* Products */,
			);
			sourceTree = "<group>";
		};
		2DE444DC1A2AB6A70027DD12 /* Products */ = {
			isa = PBXGroup;
			children = (
				2DE444DB1A2AB6A70027DD12 /* lrn1.app */,
				2DE444F01A2AB6A70027DD12 /* lrn1Tests.xctest */,
			);
			name = Products;
			sourceTree = "<group>";
		};
		2DE444DD1A2AB6A70027DD12 /* lrn1 */ = {
			isa = PBXGroup;
			children = (
				2DE444E01A2AB6A70027DD12 /* AppDelegate.swift */,
				2DE444E21A2AB6A70027DD12 /* ViewController.swift */,
				2DE444E41A2AB6A70027DD12 /* Main.storyboard */,
				2DE444E71A2AB6A70027DD12 /* Images.xcassets */,
				2DE444E91A2AB6A70027DD12 /* LaunchScreen.xib */,
				2DE444DE1A2AB6A70027DD12 /* Supporting Files */,
			);
			path = lrn1;
			sourceTree = "<group>";
		};
		2DE444DE1A2AB6A70027DD12 /* Supporting Files */ = {
			isa = PBXGroup;
			children = (
				2DBE88CA1A2C9C650054A146 /* einstein1.jpg */,
				2DBE88C81A2C98EC0054A146 /* St.-Pauls-Cathedral.jpg */,
				2DE444DF1A2AB6A70027DD12 /* Info.plist */,
			);
			name = "Supporting Files";
			sourceTree = "<group>";
		};
		2DE444F31A2AB6A70027DD12 /* lrn1Tests */ = {
			isa = PBXGroup;
			children = (
				2DE444F61A2AB6A70027DD12 /* lrn1Tests.swift */,
				2DE444F41A2AB6A70027DD12 /* Supporting Files */,
			);
			path = lrn1Tests;
			sourceTree = "<group>";
		};
		2DE444F41A2AB6A70027DD12 /* Supporting Files */ = {
			isa = PBXGroup;
			children = (
				2DE444F51A2AB6A70027DD12 /* Info.plist */,
			);
			name = "Supporting Files";
			sourceTree = "<group>";
		};
/* End PBXGroup section */

/* Begin PBXNativeTarget section */
		2DE444DA1A2AB6A70027DD12 /* lrn1 */ = {
			isa = PBXNativeTarget;
			buildConfigurationList = 2DE444FA1A2AB6A70027DD12 /* Build configuration list for PBXNativeTarget "lrn1" */;
			buildPhases = (
				2DE444D71A2AB6A70027DD12 /* Sources */,
				2DE444D81A2AB6A70027DD12 /* Frameworks */,
				2DE444D91A2AB6A70027DD12 /* Resources */,
			);
			buildRules = (
			);
			dependencies = (
			);
			name = lrn1;
			productName = lrn1;
			productReference = 2DE444DB1A2AB6A70027DD12 /* lrn1.app */;
			productType = "com.apple.product-type.application";
		};
		2DE444EF1A2AB6A70027DD12 /* lrn1Tests */ = {
			isa = PBXNativeTarget;
			buildConfigurationList = 2DE444FD1A2AB6A70027DD12 /* Build configuration list for PBXNativeTarget "lrn1Tests" */;
			buildPhases = (
				2DE444EC1A2AB6A70027DD12 /* Sources */,
				2DE444ED1A2AB6A70027DD12 /* Frameworks */,
				2DE444EE1A2AB6A70027DD12 /* Resources */,
			);
			buildRules = (
			);
			dependencies = (
				2DE444F21A2AB6A70027DD12 /* PBXTargetDependency */,
			);
			name = lrn1Tests;
			productName = lrn1Tests;
			productReference = 2DE444F01A2AB6A70027DD12 /* lrn1Tests.xctest */;
			productType = "com.apple.product-type.bundle.unit-test";
		};
/* End PBXNativeTarget section */

/* Begin PBXProject section */
		2DE444D31A2AB6A70027DD12 /* Project object */ = {
			isa = PBXProject;
			attributes = {
				LastUpgradeCheck = 0610;
				ORGANIZATIONNAME = "Ryan Lee";
				TargetAttributes = {
					2DE444DA1A2AB6A70027DD12 = {
						CreatedOnToolsVersion = 6.1;
					};
					2DE444EF1A2AB6A70027DD12 = {
						CreatedOnToolsVersion = 6.1;
						TestTargetID = 2DE444DA1A2AB6A70027DD12;
					};
				};
			};
			buildConfigurationList = 2DE444D61A2AB6A70027DD12 /* Build configuration list for PBXProject "lrn1" */;
			compatibilityVersion = "Xcode 3.2";
			developmentRegion = English;
			hasScannedForEncodings = 0;
			knownRegions = (
				en,
				Base,
			);
			mainGroup = 2DE444D21A2AB6A70027DD12;
			productRefGroup = 2DE444DC1A2AB6A70027DD12 /* Products */;
			projectDirPath = "";
			projectRoot = "";
			targets = (
				2DE444DA1A2AB6A70027DD12 /* lrn1 */,
				2DE444EF1A2AB6A70027DD12 /* lrn1Tests */,
			);
		};
/* End PBXProject section */

/* Begin PBXResourcesBuildPhase section */
		2DE444D91A2AB6A70027DD12 /* Resources */ = {
			isa = PBXResourcesBuildPhase;
			buildActionMask = 2147483647;
			files = (
				2DE444E61A2AB6A70027DD12 /* Main.storyboard in Resources */,
				2DE444EB1A2AB6A70027DD12 /* LaunchScreen.xib in Resources */,
				2DBE88CB1A2C9C650054A146 /* einstein1.jpg in Resources */,
				2DBE88C91A2C98EC0054A146 /* St.-Pauls-Cathedral.jpg in Resources */,
				2DE444E81A2AB6A70027DD12 /* Images.xcassets in Resources */,
			);
			runOnlyForDeploymentPostprocessing = 0;
		};
		2DE444EE1A2AB6A70027DD12 /* Resources */ = {
			isa = PBXResourcesBuildPhase;
			buildActionMask = 2147483647;
			files = (
			);
			runOnlyForDeploymentPostprocessing = 0;
		};
/* End PBXResourcesBuildPhase section */

/* Begin PBXSourcesBuildPhase section */
		2DE444D71A2AB6A70027DD12 /* Sources */ = {
			isa = PBXSourcesBuildPhase;
			buildActionMask = 2147483647;
			files = (
				2DE444E31A2AB6A70027DD12 /* ViewController.swift in Sources */,
				2DE444E11A2AB6A70027DD12 /* AppDelegate.swift in Sources */,
			);
			runOnlyForDeploymentPostprocessing = 0;
		};
		2DE444EC1A2AB6A70027DD12 /* Sources */ = {
			isa = PBXSourcesBuildPhase;
			buildActionMask = 2147483647;
			files = (
				2DE444F71A2AB6A70027DD12 /* lrn1Tests.swift in Sources */,
			);
			runOnlyForDeploymentPostprocessing = 0;
		};
/* End PBXSourcesBuildPhase section */

/* Begin PBXTargetDependency section */
		2DE444F21A2AB6A70027DD12 /* PBXTargetDependency */ = {
			isa = PBXTargetDependency;
			target = 2DE444DA1A2AB6A70027DD12 /* lrn1 */;
			targetProxy = 2DE444F11A2AB6A70027DD12 /* PBXContainerItemProxy */;
		};
/* End PBXTargetDependency section */

/* Begin PBXVariantGroup section */
		2DE444E41A2AB6A70027DD12 /* Main.storyboard */ = {
			isa = PBXVariantGroup;
			children = (
				2DE444E51A2AB6A70027DD12 /* Base */,
			);
			name = Main.storyboard;
			sourceTree = "<group>";
		};
		2DE444E91A2AB6A70027DD12 /* LaunchScreen.xib */ = {
			isa = PBXVariantGroup;
			children = (
				2DE444EA1A2AB6A70027DD12 /* Base */,
			);
			name = LaunchScreen.xib;
			sourceTree = "<group>";
		};
/* End PBXVariantGroup section */

/* Begin XCBuildConfiguration section */
		2DE444F81A2AB6A70027DD12 /* Debug */ = {
			isa = XCBuildConfiguration;
			buildSettings = {
				ALWAYS_SEARCH_USER_PATHS = NO;
				CLANG_CXX_LANGUAGE_STANDARD = "gnu++0x";
				CLANG_CXX_LIBRARY = "libc++";
				CLANG_ENABLE_MODULES = YES;
				CLANG_ENABLE_OBJC_ARC = YES;
				CLANG_WARN_BOOL_CONVERSION = YES;
				CLANG_WARN_CONSTANT_CONVERSION = YES;
				CLANG_WARN_DIRECT_OBJC_ISA_USAGE = YES_ERROR;
				CLANG_WARN_EMPTY_BODY = YES;
				CLANG_WARN_ENUM_CONVERSION = YES;
				CLANG_WARN_INT_CONVERSION = YES;
				CLANG_WARN_OBJC_ROOT_CLASS = YES_ERROR;
				CLANG_WARN_UNREACHABLE_CODE = YES;
				CLANG_WARN__DUPLICATE_METHOD_MATCH = YES;
				"CODE_SIGN_IDENTITY[sdk=iphoneos*]" = "iPhone Developer";
				COPY_PHASE_STRIP = NO;
				ENABLE_STRICT_OBJC_MSGSEND = YES;
				GCC_C_LANGUAGE_STANDARD = gnu99;
				GCC_DYNAMIC_NO_PIC = NO;
				GCC_OPTIMIZATION_LEVEL = 0;
				GCC_PREPROCESSOR_DEFINITIONS = (
					"DEBUG=1",
					"$(inherited)",
				);
				GCC_SYMBOLS_PRIVATE_EXTERN = NO;
				GCC_WARN_64_TO_32_BIT_CONVERSION = YES;
				GCC_WARN_ABOUT_RETURN_TYPE = YES_ERROR;
				GCC_WARN_UNDECLARED_SELECTOR = YES;
				GCC_WARN_UNINITIALIZED_AUTOS = YES_AGGRESSIVE;
				GCC_WARN_UNUSED_FUNCTION = YES;
				GCC_WARN_UNUSED_VARIABLE = YES;
				IPHONEOS_DEPLOYMENT_TARGET = 8.1;
				MTL_ENABLE_DEBUG_INFO = YES;
				ONLY_ACTIVE_ARCH = YES;
				SDKROOT = iphoneos;
				SWIFT_OPTIMIZATION_LEVEL = "-Onone";
				TARGETED_DEVICE_FAMILY = "1,2";
			};
			name = Debug;
		};
		2DE444F91A2AB6A70027DD12 /* Release */ = {
			isa = XCBuildConfiguration;
			buildSettings = {
				ALWAYS_SEARCH_USER_PATHS = NO;
				CLANG_CXX_LANGUAGE_STANDARD = "gnu++0x";
				CLANG_CXX_LIBRARY = "libc++";
				CLANG_ENABLE_MODULES = YES;
				CLANG_ENABLE_OBJC_ARC = YES;
				CLANG_WARN_BOOL_CONVERSION = YES;
				CLANG_WARN_CONSTANT_CONVERSION = YES;
				CLANG_WARN_DIRECT_OBJC_ISA_USAGE = YES_ERROR;
				CLANG_WARN_EMPTY_BODY = YES;
				CLANG_WARN_ENUM_CONVERSION = YES;
				CLANG_WARN_INT_CONVERSION = YES;
				CLANG_WARN_OBJC_ROOT_CLASS = YES_ERROR;
				CLANG_WARN_UNREACHABLE_CODE = YES;
				CLANG_WARN__DUPLICATE_METHOD_MATCH = YES;
				"CODE_SIGN_IDENTITY[sdk=iphoneos*]" = "iPhone Developer";
				COPY_PHASE_STRIP = YES;
				ENABLE_NS_ASSERTIONS = NO;
				ENABLE_STRICT_OBJC_MSGSEND = YES;
				GCC_C_LANGUAGE_STANDARD = gnu99;
				GCC_WARN_64_TO_32_BIT_CONVERSION = YES;
				GCC_WARN_ABOUT_RETURN_TYPE = YES_ERROR;
				GCC_WARN_UNDECLARED_SELECTOR = YES;
				GCC_WARN_UNINITIALIZED_AUTOS = YES_AGGRESSIVE;
				GCC_WARN_UNUSED_FUNCTION = YES;
				GCC_WARN_UNUSED_VARIABLE = YES;
				IPHONEOS_DEPLOYMENT_TARGET = 8.1;
				MTL_ENABLE_DEBUG_INFO = NO;
				SDKROOT = iphoneos;
				TARGETED_DEVICE_FAMILY = "1,2";
				VALIDATE_PRODUCT = YES;
			};
			name = Release;
		};
		2DE444FB1A2AB6A70027DD12 /* Debug */ = {
			isa = XCBuildConfiguration;
			buildSettings = {
				ASSETCATALOG_COMPILER_APPICON_NAME = AppIcon;
				INFOPLIST_FILE = lrn1/Info.plist;
				LD_RUNPATH_SEARCH_PATHS = "$(inherited) @executable_path/Frameworks";
				PRODUCT_NAME = "$(TARGET_NAME)";
			};
			name = Debug;
		};
		2DE444FC1A2AB6A70027DD12 /* Release */ = {
			isa = XCBuildConfiguration;
			buildSettings = {
				ASSETCATALOG_COMPILER_APPICON_NAME = AppIcon;
				INFOPLIST_FILE = lrn1/Info.plist;
				LD_RUNPATH_SEARCH_PATHS = "$(inherited) @executable_path/Frameworks";
				PRODUCT_NAME = "$(TARGET_NAME)";
			};
			name = Release;
		};
		2DE444FE1A2AB6A70027DD12 /* Debug */ = {
			isa = XCBuildConfiguration;
			buildSettings = {
				BUNDLE_LOADER = "$(TEST_HOST)";
				FRAMEWORK_SEARCH_PATHS = (
					"$(SDKROOT)/Developer/Library/Frameworks",
					"$(inherited)",
				);
				GCC_PREPROCESSOR_DEFINITIONS = (
					"DEBUG=1",
					"$(inherited)",
				);
				INFOPLIST_FILE = lrn1Tests/Info.plist;
				LD_RUNPATH_SEARCH_PATHS = "$(inherited) @executable_path/Frameworks @loader_path/Frameworks";
				PRODUCT_NAME = "$(TARGET_NAME)";
				TEST_HOST = "$(BUILT_PRODUCTS_DIR)/lrn1.app/lrn1";
			};
			name = Debug;
		};
		2DE444FF1A2AB6A70027DD12 /* Release */ = {
			isa = XCBuildConfiguration;
			buildSettings = {
				BUNDLE_LOADER = "$(TEST_HOST)";
				FRAMEWORK_SEARCH_PATHS = (
					"$(SDKROOT)/Developer/Library/Frameworks",
					"$(inherited)",
				);
				INFOPLIST_FILE = lrn1Tests/Info.plist;
				LD_RUNPATH_SEARCH_PATHS = "$(inherited) @executable_path/Frameworks @loader_path/Frameworks";
				PRODUCT_NAME = "$(TARGET_NAME)";
				TEST_HOST = "$(BUILT_PRODUCTS_DIR)/lrn1.app/lrn1";
			};
			name = Release;
		};
/* End XCBuildConfiguration section */

/* Begin XCConfigurationList section */
		2DE444D61A2AB6A70027DD12 /* Build configuration list for PBXProject "lrn1" */ = {
			isa = XCConfigurationList;
			buildConfigurations = (
				2DE444F81A2AB6A70027DD12 /* Debug */,
				2DE444F91A2AB6A70027DD12 /* Release */,
			);
			defaultConfigurationIsVisible = 0;
			defaultConfigurationName = Release;
		};
		2DE444FA1A2AB6A70027DD12 /* Build configuration list for PBXNativeTarget "lrn1" */ = {
			isa = XCConfigurationList;
			buildConfigurations = (
				2DE444FB1A2AB6A70027DD12 /* Debug */,
				2DE444FC1A2AB6A70027DD12 /* Release */,
			);
			defaultConfigurationIsVisible = 0;
			defaultConfigurationName = Release;
		};
		2DE444FD1A2AB6A70027DD12 /* Build configuration list for PBXNativeTarget "lrn1Tests" */ = {
			isa = XCConfigurationList;
			buildConfigurations = (
				2DE444FE1A2AB6A70027DD12 /* Debug */,
				2DE444FF1A2AB6A70027DD12 /* Release */,
			);
			defaultConfigurationIsVisible = 0;
			defaultConfigurationName = Release;
		};
/* End XCConfigurationList section */
	};
	rootObject = 2DE444D31A2AB6A70027DD12 /* Project object */;
}
